Microsoft Visual Studio Solution File, Format Version 12.00
# Visual Studio 15
VisualStudioVersion = 15.0.28010.2050
MinimumVisualStudioVersion = 10.0.40219.1
Project("{2150E333-8FDC-42A3-9474-1A3956D46DE8}") = "Solution Items", "Solution Items", "{5CF99DD7-2101-47CC-94C4-17BF25EB0905}"
	ProjectSection(SolutionItems) = preProject
		.editorconfig = .editorconfig
	EndProjectSection
EndProject
Project("{9A19103F-16F7-4668-BE54-9A1E7A4F7556}") = "NetCursesLib", "src\lib\NetCursesLib.csproj", "{86E81D1F-9A7D-43F7-A359-EEA0907DAA5D}"
EndProject
Project("{9A19103F-16F7-4668-BE54-9A1E7A4F7556}") = "NetCursesTest", "src\test\NetCursesTest.csproj", "{0C8847DD-12D0-4FE6-96E8-D93AB1435463}"
EndProject
Global
	GlobalSection(SolutionConfigurationPlatforms) = preSolution
		Debug|Any CPU = Debug|Any CPU
		Release|Any CPU = Release|Any CPU
	EndGlobalSection
	GlobalSection(ProjectConfigurationPlatforms) = postSolution
		{86E81D1F-9A7D-43F7-A359-EEA0907DAA5D}.Debug|Any CPU.ActiveCfg = Debug|Any CPU
		{86E81D1F-9A7D-43F7-A359-EEA0907DAA5D}.Debug|Any CPU.Build.0 = Debug|Any CPU
		{86E81D1F-9A7D-43F7-A359-EEA0907DAA5D}.Release|Any CPU.ActiveCfg = Release|Any CPU
		{86E81D1F-9A7D-43F7-A359-EEA0907DAA5D}.Release|Any CPU.Build.0 = Release|Any CPU
		{0C8847DD-12D0-4FE6-96E8-D93AB1435463}.Debug|Any CPU.ActiveCfg = Debug|Any CPU
		{0C8847DD-12D0-4FE6-96E8-D93AB1435463}.Debug|Any CPU.Build.0 = Debug|Any CPU
		{0C8847DD-12D0-4FE6-96E8-D93AB1435463}.Release|Any CPU.ActiveCfg = Release|Any CPU
		{0C8847DD-12D0-4FE6-96E8-D93AB1435463}.Release|Any CPU.Build.0 = Release|Any CPU
	EndGlobalSection
	GlobalSection(SolutionProperties) = preSolution
		HideSolutionNode = FALSE
	EndGlobalSection
	GlobalSection(ExtensibilityGlobals) = postSolution
		SolutionGuid = {6E64C707-A8F6-45ED-8759-5966D993BC13}
	EndGlobalSection
EndGlobal
